lockfileVersion: '6.0'

settings:
  autoInstallPeers: true
  excludeLinksFromLockfile: false

dependencies:
  '@radix-ui/react-dialog':
    specifier: ^1.1.1
    version: 1.1.1(react-dom@18.3.1)(react@18.3.1)
  '@radix-ui/react-slot':
    specifier: ^1.1.0
    version: 1.1.0(react@18.3.1)
  class-variance-authority:
    specifier: ^0.7.0
    version: 0.7.0
  clsx:
    specifier: ^2.1.1
    version: 2.1.1
  cmdk:
    specifier: ^1.0.0
    version: 1.0.0(react-dom@18.3.1)(react@18.3.1)
  date-fns:
    specifier: ^3.6.0
    version: 3.6.0
  lucide-react:
    specifier: ^0.414.0
    version: 0.414.0(react@18.3.1)
  react-day-picker:
    specifier: 8.10.1
    version: 8.10.1(date-fns@3.6.0)(react@18.3.1)
  tailwind-merge:
    specifier: ^2.4.0
    version: 2.4.0
  tailwindcss-animate:
    specifier: ^1.0.7
    version: 1.0.7

packages:

  /@babel/runtime@7.25.0:
    resolution: {integrity: sha512-7dRy4DwXwtzBrPbZflqxnvfxLF8kdZXPkhymtDeFoFqE6ldzjQFgYTtYIFARcLEYDrqfBfYcZt1WqFxRoyC9Rw==}
    engines: {node: '>=6.9.0'}
    dependencies:
      regenerator-runtime: 0.14.1
    dev: false

  /@radix-ui/primitive@1.0.1:
    resolution: {integrity: sha512-yQ8oGX2GVsEYMWGxcovu1uGWPCxV5BFfeeYxqPmuAzUyLT9qmaMXSAhXpb0WrspIeqYzdJpkh2vHModJPgRIaw==}
    dependencies:
      '@babel/runtime': 7.25.0
    dev: false

  /@radix-ui/primitive@1.1.0:
    resolution: {integrity: sha512-4Z8dn6Upk0qk4P74xBhZ6Hd/w0mPEzOOLxy4xiPXOXqjF7jZS0VAKk7/x/H6FyY2zCkYJqePf1G5KmkmNJ4RBA==}
    dev: false

  /@radix-ui/react-compose-refs@1.0.1(react@18.3.1):
    resolution: {integrity: sha512-fDSBgd44FKHa1FRMU59qBMPFcl2PZE+2nmqunj+BWFyYYjnhIDWL2ItDs3rrbJDQOtzt5nIebLCQc4QRfz6LJw==}
    peerDependencies:
      '@types/react': '*'
      react: ^16.8 || ^17.0 || ^18.0
    peerDependenciesMeta:
      '@types/react':
        optional: true
    dependencies:
      '@babel/runtime': 7.25.0
      react: 18.3.1
    dev: false

  /@radix-ui/react-compose-refs@1.1.0(react@18.3.1):
    resolution: {integrity: sha512-b4inOtiaOnYf9KWyO3jAeeCG6FeyfY6ldiEPanbUjWd+xIk5wZeHa8yVwmrJ2vderhu/BQvzCrJI0lHd+wIiqw==}
    peerDependencies:
      '@types/react': '*'
      react: ^16.8 || ^17.0 || ^18.0 || ^19.0 || ^19.0.0-rc
    peerDependenciesMeta:
      '@types/react':
        optional: true
    dependencies:
      react: 18.3.1
    dev: false

  /@radix-ui/react-context@1.0.1(react@18.3.1):
    resolution: {integrity: sha512-ebbrdFoYTcuZ0v4wG5tedGnp9tzcV8awzsxYph7gXUyvnNLuTIcCk1q17JEbnVhXAKG9oX3KtchwiMIAYp9NLg==}
    peerDependencies:
      '@types/react': '*'
      react: ^16.8 || ^17.0 || ^18.0
    peerDependenciesMeta:
      '@types/react':
        optional: true
    dependencies:
      '@babel/runtime': 7.25.0
      react: 18.3.1
    dev: false

  /@radix-ui/react-context@1.1.0(react@18.3.1):
    resolution: {integrity: sha512-OKrckBy+sMEgYM/sMmqmErVn0kZqrHPJze+Ql3DzYsDDp0hl0L62nx/2122/Bvps1qz645jlcu2tD9lrRSdf8A==}
    peerDependencies:
      '@types/react': '*'
      react: ^16.8 || ^17.0 || ^18.0 || ^19.0 || ^19.0.0-rc
    peerDependenciesMeta:
      '@types/react':
        optional: true
    dependencies:
      react: 18.3.1
    dev: false

  /@radix-ui/react-dialog@1.0.5(react-dom@18.3.1)(react@18.3.1):
    resolution: {integrity: sha512-GjWJX/AUpB703eEBanuBnIWdIXg6NvJFCXcNlSZk4xdszCdhrJgBoUd1cGk67vFO+WdA2pfI/plOpqz/5GUP6Q==}
    peerDependencies:
      '@types/react': '*'
      '@types/react-dom': '*'
      react: ^16.8 || ^17.0 || ^18.0
      react-dom: ^16.8 || ^17.0 || ^18.0
    peerDependenciesMeta:
      '@types/react':
        optional: true
      '@types/react-dom':
        optional: true
    dependencies:
      '@babel/runtime': 7.25.0
      '@radix-ui/primitive': 1.0.1
      '@radix-ui/react-compose-refs': 1.0.1(react@18.3.1)
      '@radix-ui/react-context': 1.0.1(react@18.3.1)
      '@radix-ui/react-dismissable-layer': 1.0.5(react-dom@18.3.1)(react@18.3.1)
      '@radix-ui/react-focus-guards': 1.0.1(react@18.3.1)
      '@radix-ui/react-focus-scope': 1.0.4(react-dom@18.3.1)(react@18.3.1)
      '@radix-ui/react-id': 1.0.1(react@18.3.1)
      '@radix-ui/react-portal': 1.0.4(react-dom@18.3.1)(react@18.3.1)
      '@radix-ui/react-presence': 1.0.1(react-dom@18.3.1)(react@18.3.1)
      '@radix-ui/react-primitive': 1.0.3(react-dom@18.3.1)(react@18.3.1)
      '@radix-ui/react-slot': 1.0.2(react@18.3.1)
      '@radix-ui/react-use-controllable-state': 1.0.1(react@18.3.1)
      aria-hidden: 1.2.4
      react: 18.3.1
      react-dom: 18.3.1(react@18.3.1)
      react-remove-scroll: 2.5.5(react@18.3.1)
    dev: false

  /@radix-ui/react-dialog@1.1.1(react-dom@18.3.1)(react@18.3.1):
    resolution: {integrity: sha512-zysS+iU4YP3STKNS6USvFVqI4qqx8EpiwmT5TuCApVEBca+eRCbONi4EgzfNSuVnOXvC5UPHHMjs8RXO6DH9Bg==}
    peerDependencies:
      '@types/react': '*'
      '@types/react-dom': '*'
      react: ^16.8 || ^17.0 || ^18.0 || ^19.0 || ^19.0.0-rc
      react-dom: ^16.8 || ^17.0 || ^18.0 || ^19.0 || ^19.0.0-rc
    peerDependenciesMeta:
      '@types/react':
        optional: true
      '@types/react-dom':
        optional: true
    dependencies:
      '@radix-ui/primitive': 1.1.0
      '@radix-ui/react-compose-refs': 1.1.0(react@18.3.1)
      '@radix-ui/react-context': 1.1.0(react@18.3.1)
      '@radix-ui/react-dismissable-layer': 1.1.0(react-dom@18.3.1)(react@18.3.1)
      '@radix-ui/react-focus-guards': 1.1.0(react@18.3.1)
      '@radix-ui/react-focus-scope': 1.1.0(react-dom@18.3.1)(react@18.3.1)
      '@radix-ui/react-id': 1.1.0(react@18.3.1)
      '@radix-ui/react-portal': 1.1.1(react-dom@18.3.1)(react@18.3.1)
      '@radix-ui/react-presence': 1.1.0(react-dom@18.3.1)(react@18.3.1)
      '@radix-ui/react-primitive': 2.0.0(react-dom@18.3.1)(react@18.3.1)
      '@radix-ui/react-slot': 1.1.0(react@18.3.1)
      '@radix-ui/react-use-controllable-state': 1.1.0(react@18.3.1)
      aria-hidden: 1.2.4
      react: 18.3.1
      react-dom: 18.3.1(react@18.3.1)
      react-remove-scroll: 2.5.7(react@18.3.1)
    dev: false

  /@radix-ui/react-dismissable-layer@1.0.5(react-dom@18.3.1)(react@18.3.1):
    resolution: {integrity: sha512-aJeDjQhywg9LBu2t/At58hCvr7pEm0o2Ke1x33B+MhjNmmZ17sy4KImo0KPLgsnc/zN7GPdce8Cnn0SWvwZO7g==}
    peerDependencies:
      '@types/react': '*'
      '@types/react-dom': '*'
      react: ^16.8 || ^17.0 || ^18.0
      react-dom: ^16.8 || ^17.0 || ^18.0
    peerDependenciesMeta:
      '@types/react':
        optional: true
      '@types/react-dom':
        optional: true
    dependencies:
      '@babel/runtime': 7.25.0
      '@radix-ui/primitive': 1.0.1
      '@radix-ui/react-compose-refs': 1.0.1(react@18.3.1)
      '@radix-ui/react-primitive': 1.0.3(react-dom@18.3.1)(react@18.3.1)
      '@radix-ui/react-use-callback-ref': 1.0.1(react@18.3.1)
      '@radix-ui/react-use-escape-keydown': 1.0.3(react@18.3.1)
      react: 18.3.1
      react-dom: 18.3.1(react@18.3.1)
    dev: false

  /@radix-ui/react-dismissable-layer@1.1.0(react-dom@18.3.1)(react@18.3.1):
    resolution: {integrity: sha512-/UovfmmXGptwGcBQawLzvn2jOfM0t4z3/uKffoBlj724+n3FvBbZ7M0aaBOmkp6pqFYpO4yx8tSVJjx3Fl2jig==}
    peerDependencies:
      '@types/react': '*'
      '@types/react-dom': '*'
      react: ^16.8 || ^17.0 || ^18.0 || ^19.0 || ^19.0.0-rc
      react-dom: ^16.8 || ^17.0 || ^18.0 || ^19.0 || ^19.0.0-rc
    peerDependenciesMeta:
      '@types/react':
        optional: true
      '@types/react-dom':
        optional: true
    dependencies:
      '@radix-ui/primitive': 1.1.0
      '@radix-ui/react-compose-refs': 1.1.0(react@18.3.1)
      '@radix-ui/react-primitive': 2.0.0(react-dom@18.3.1)(react@18.3.1)
      '@radix-ui/react-use-callback-ref': 1.1.0(react@18.3.1)
      '@radix-ui/react-use-escape-keydown': 1.1.0(react@18.3.1)
      react: 18.3.1
      react-dom: 18.3.1(react@18.3.1)
    dev: false

  /@radix-ui/react-focus-guards@1.0.1(react@18.3.1):
    resolution: {integrity: sha512-Rect2dWbQ8waGzhMavsIbmSVCgYxkXLxxR3ZvCX79JOglzdEy4JXMb98lq4hPxUbLr77nP0UOGf4rcMU+s1pUA==}
    peerDependencies:
      '@types/react': '*'
      react: ^16.8 || ^17.0 || ^18.0
    peerDependenciesMeta:
      '@types/react':
        optional: true
    dependencies:
      '@babel/runtime': 7.25.0
      react: 18.3.1
    dev: false

  /@radix-ui/react-focus-guards@1.1.0(react@18.3.1):
    resolution: {integrity: sha512-w6XZNUPVv6xCpZUqb/yN9DL6auvpGX3C/ee6Hdi16v2UUy25HV2Q5bcflsiDyT/g5RwbPQ/GIT1vLkeRb+ITBw==}
    peerDependencies:
      '@types/react': '*'
      react: ^16.8 || ^17.0 || ^18.0 || ^19.0 || ^19.0.0-rc
    peerDependenciesMeta:
      '@types/react':
        optional: true
    dependencies:
      react: 18.3.1
    dev: false

  /@radix-ui/react-focus-scope@1.0.4(react-dom@18.3.1)(react@18.3.1):
    resolution: {integrity: sha512-sL04Mgvf+FmyvZeYfNu1EPAaaxD+aw7cYeIB9L9Fvq8+urhltTRaEo5ysKOpHuKPclsZcSUMKlN05x4u+CINpA==}
    peerDependencies:
      '@types/react': '*'
      '@types/react-dom': '*'
      react: ^16.8 || ^17.0 || ^18.0
      react-dom: ^16.8 || ^17.0 || ^18.0
    peerDependenciesMeta:
      '@types/react':
        optional: true
      '@types/react-dom':
        optional: true
    dependencies:
      '@babel/runtime': 7.25.0
      '@radix-ui/react-compose-refs': 1.0.1(react@18.3.1)
      '@radix-ui/react-primitive': 1.0.3(react-dom@18.3.1)(react@18.3.1)
      '@radix-ui/react-use-callback-ref': 1.0.1(react@18.3.1)
      react: 18.3.1
      react-dom: 18.3.1(react@18.3.1)
    dev: false

  /@radix-ui/react-focus-scope@1.1.0(react-dom@18.3.1)(react@18.3.1):
    resolution: {integrity: sha512-200UD8zylvEyL8Bx+z76RJnASR2gRMuxlgFCPAe/Q/679a/r0eK3MBVYMb7vZODZcffZBdob1EGnky78xmVvcA==}
    peerDependencies:
      '@types/react': '*'
      '@types/react-dom': '*'
      react: ^16.8 || ^17.0 || ^18.0 || ^19.0 || ^19.0.0-rc
      react-dom: ^16.8 || ^17.0 || ^18.0 || ^19.0 || ^19.0.0-rc
    peerDependenciesMeta:
      '@types/react':
        optional: true
      '@types/react-dom':
        optional: true
    dependencies:
      '@radix-ui/react-compose-refs': 1.1.0(react@18.3.1)
      '@radix-ui/react-primitive': 2.0.0(react-dom@18.3.1)(react@18.3.1)
      '@radix-ui/react-use-callback-ref': 1.1.0(react@18.3.1)
      react: 18.3.1
      react-dom: 18.3.1(react@18.3.1)
    dev: false

  /@radix-ui/react-id@1.0.1(react@18.3.1):
    resolution: {integrity: sha512-tI7sT/kqYp8p96yGWY1OAnLHrqDgzHefRBKQ2YAkBS5ja7QLcZ9Z/uY7bEjPUatf8RomoXM8/1sMj1IJaE5UzQ==}
    peerDependencies:
      '@types/react': '*'
      react: ^16.8 || ^17.0 || ^18.0
    peerDependenciesMeta:
      '@types/react':
        optional: true
    dependencies:
      '@babel/runtime': 7.25.0
      '@radix-ui/react-use-layout-effect': 1.0.1(react@18.3.1)
      react: 18.3.1
    dev: false

  /@radix-ui/react-id@1.1.0(react@18.3.1):
    resolution: {integrity: sha512-EJUrI8yYh7WOjNOqpoJaf1jlFIH2LvtgAl+YcFqNCa+4hj64ZXmPkAKOFs/ukjz3byN6bdb/AVUqHkI8/uWWMA==}
    peerDependencies:
      '@types/react': '*'
      react: ^16.8 || ^17.0 || ^18.0 || ^19.0 || ^19.0.0-rc
    peerDependenciesMeta:
      '@types/react':
        optional: true
    dependencies:
      '@radix-ui/react-use-layout-effect': 1.1.0(react@18.3.1)
      react: 18.3.1
    dev: false

  /@radix-ui/react-portal@1.0.4(react-dom@18.3.1)(react@18.3.1):
    resolution: {integrity: sha512-Qki+C/EuGUVCQTOTD5vzJzJuMUlewbzuKyUy+/iHM2uwGiru9gZeBJtHAPKAEkB5KWGi9mP/CHKcY0wt1aW45Q==}
    peerDependencies:
      '@types/react': '*'
      '@types/react-dom': '*'
      react: ^16.8 || ^17.0 || ^18.0
      react-dom: ^16.8 || ^17.0 || ^18.0
    peerDependenciesMeta:
      '@types/react':
        optional: true
      '@types/react-dom':
        optional: true
    dependencies:
      '@babel/runtime': 7.25.0
      '@radix-ui/react-primitive': 1.0.3(react-dom@18.3.1)(react@18.3.1)
      react: 18.3.1
      react-dom: 18.3.1(react@18.3.1)
    dev: false

  /@radix-ui/react-portal@1.1.1(react-dom@18.3.1)(react@18.3.1):
    resolution: {integrity: sha512-A3UtLk85UtqhzFqtoC8Q0KvR2GbXF3mtPgACSazajqq6A41mEQgo53iPzY4i6BwDxlIFqWIhiQ2G729n+2aw/g==}
    peerDependencies:
      '@types/react': '*'
      '@types/react-dom': '*'
      react: ^16.8 || ^17.0 || ^18.0 || ^19.0 || ^19.0.0-rc
      react-dom: ^16.8 || ^17.0 || ^18.0 || ^19.0 || ^19.0.0-rc
    peerDependenciesMeta:
      '@types/react':
        optional: true
      '@types/react-dom':
        optional: true
    dependencies:
      '@radix-ui/react-primitive': 2.0.0(react-dom@18.3.1)(react@18.3.1)
      '@radix-ui/react-use-layout-effect': 1.1.0(react@18.3.1)
      react: 18.3.1
      react-dom: 18.3.1(react@18.3.1)
    dev: false

  /@radix-ui/react-presence@1.0.1(react-dom@18.3.1)(react@18.3.1):
    resolution: {integrity: sha512-UXLW4UAbIY5ZjcvzjfRFo5gxva8QirC9hF7wRE4U5gz+TP0DbRk+//qyuAQ1McDxBt1xNMBTaciFGvEmJvAZCg==}
    peerDependencies:
      '@types/react': '*'
      '@types/react-dom': '*'
      react: ^16.8 || ^17.0 || ^18.0
      react-dom: ^16.8 || ^17.0 || ^18.0
    peerDependenciesMeta:
      '@types/react':
        optional: true
      '@types/react-dom':
        optional: true
    dependencies:
      '@babel/runtime': 7.25.0
      '@radix-ui/react-compose-refs': 1.0.1(react@18.3.1)
      '@radix-ui/react-use-layout-effect': 1.0.1(react@18.3.1)
      react: 18.3.1
      react-dom: 18.3.1(react@18.3.1)
    dev: false

  /@radix-ui/react-presence@1.1.0(react-dom@18.3.1)(react@18.3.1):
    resolution: {integrity: sha512-Gq6wuRN/asf9H/E/VzdKoUtT8GC9PQc9z40/vEr0VCJ4u5XvvhWIrSsCB6vD2/cH7ugTdSfYq9fLJCcM00acrQ==}
    peerDependencies:
      '@types/react': '*'
      '@types/react-dom': '*'
      react: ^16.8 || ^17.0 || ^18.0 || ^19.0 || ^19.0.0-rc
      react-dom: ^16.8 || ^17.0 || ^18.0 || ^19.0 || ^19.0.0-rc
    peerDependenciesMeta:
      '@types/react':
        optional: true
      '@types/react-dom':
        optional: true
    dependencies:
      '@radix-ui/react-compose-refs': 1.1.0(react@18.3.1)
      '@radix-ui/react-use-layout-effect': 1.1.0(react@18.3.1)
      react: 18.3.1
      react-dom: 18.3.1(react@18.3.1)
    dev: false

  /@radix-ui/react-primitive@1.0.3(react-dom@18.3.1)(react@18.3.1):
    resolution: {integrity: sha512-yi58uVyoAcK/Nq1inRY56ZSjKypBNKTa/1mcL8qdl6oJeEaDbOldlzrGn7P6Q3Id5d+SYNGc5AJgc4vGhjs5+g==}
    peerDependencies:
      '@types/react': '*'
      '@types/react-dom': '*'
      react: ^16.8 || ^17.0 || ^18.0
      react-dom: ^16.8 || ^17.0 || ^18.0
    peerDependenciesMeta:
      '@types/react':
        optional: true
      '@types/react-dom':
        optional: true
    dependencies:
      '@babel/runtime': 7.25.0
      '@radix-ui/react-slot': 1.0.2(react@18.3.1)
      react: 18.3.1
      react-dom: 18.3.1(react@18.3.1)
    dev: false

  /@radix-ui/react-primitive@2.0.0(react-dom@18.3.1)(react@18.3.1):
    resolution: {integrity: sha512-ZSpFm0/uHa8zTvKBDjLFWLo8dkr4MBsiDLz0g3gMUwqgLHz9rTaRRGYDgvZPtBJgYCBKXkS9fzmoySgr8CO6Cw==}
    peerDependencies:
      '@types/react': '*'
      '@types/react-dom': '*'
      react: ^16.8 || ^17.0 || ^18.0 || ^19.0 || ^19.0.0-rc
      react-dom: ^16.8 || ^17.0 || ^18.0 || ^19.0 || ^19.0.0-rc
    peerDependenciesMeta:
      '@types/react':
        optional: true
      '@types/react-dom':
        optional: true
    dependencies:
      '@radix-ui/react-slot': 1.1.0(react@18.3.1)
      react: 18.3.1
      react-dom: 18.3.1(react@18.3.1)
    dev: false

  /@radix-ui/react-slot@1.0.2(react@18.3.1):
    resolution: {integrity: sha512-YeTpuq4deV+6DusvVUW4ivBgnkHwECUu0BiN43L5UCDFgdhsRUWAghhTF5MbvNTPzmiFOx90asDSUjWuCNapwg==}
    peerDependencies:
      '@types/react': '*'
      react: ^16.8 || ^17.0 || ^18.0
    peerDependenciesMeta:
      '@types/react':
        optional: true
    dependencies:
      '@babel/runtime': 7.25.0
      '@radix-ui/react-compose-refs': 1.0.1(react@18.3.1)
      react: 18.3.1
    dev: false

  /@radix-ui/react-slot@1.1.0(react@18.3.1):
    resolution: {integrity: sha512-FUCf5XMfmW4dtYl69pdS4DbxKy8nj4M7SafBgPllysxmdachynNflAdp/gCsnYWNDnge6tI9onzMp5ARYc1KNw==}
    peerDependencies:
      '@types/react': '*'
      react: ^16.8 || ^17.0 || ^18.0 || ^19.0 || ^19.0.0-rc
    peerDependenciesMeta:
      '@types/react':
        optional: true
    dependencies:
      '@radix-ui/react-compose-refs': 1.1.0(react@18.3.1)
      react: 18.3.1
    dev: false

  /@radix-ui/react-use-callback-ref@1.0.1(react@18.3.1):
    resolution: {integrity: sha512-D94LjX4Sp0xJFVaoQOd3OO9k7tpBYNOXdVhkltUbGv2Qb9OXdrg/CpsjlZv7ia14Sylv398LswWBVVu5nqKzAQ==}
    peerDependencies:
      '@types/react': '*'
      react: ^16.8 || ^17.0 || ^18.0
    peerDependenciesMeta:
      '@types/react':
        optional: true
    dependencies:
      '@babel/runtime': 7.25.0
      react: 18.3.1
    dev: false

  /@radix-ui/react-use-callback-ref@1.1.0(react@18.3.1):
    resolution: {integrity: sha512-CasTfvsy+frcFkbXtSJ2Zu9JHpN8TYKxkgJGWbjiZhFivxaeW7rMeZt7QELGVLaYVfFMsKHjb7Ak0nMEe+2Vfw==}
    peerDependencies:
      '@types/react': '*'
      react: ^16.8 || ^17.0 || ^18.0 || ^19.0 || ^19.0.0-rc
    peerDependenciesMeta:
      '@types/react':
        optional: true
    dependencies:
      react: 18.3.1
    dev: false

  /@radix-ui/react-use-controllable-state@1.0.1(react@18.3.1):
    resolution: {integrity: sha512-Svl5GY5FQeN758fWKrjM6Qb7asvXeiZltlT4U2gVfl8Gx5UAv2sMR0LWo8yhsIZh2oQ0eFdZ59aoOOMV7b47VA==}
    peerDependencies:
      '@types/react': '*'
      react: ^16.8 || ^17.0 || ^18.0
    peerDependenciesMeta:
      '@types/react':
        optional: true
    dependencies:
      '@babel/runtime': 7.25.0
      '@radix-ui/react-use-callback-ref': 1.0.1(react@18.3.1)
      react: 18.3.1
    dev: false

  /@radix-ui/react-use-controllable-state@1.1.0(react@18.3.1):
    resolution: {integrity: sha512-MtfMVJiSr2NjzS0Aa90NPTnvTSg6C/JLCV7ma0W6+OMV78vd8OyRpID+Ng9LxzsPbLeuBnWBA1Nq30AtBIDChw==}
    peerDependencies:
      '@types/react': '*'
      react: ^16.8 || ^17.0 || ^18.0 || ^19.0 || ^19.0.0-rc
    peerDependenciesMeta:
      '@types/react':
        optional: true
    dependencies:
      '@radix-ui/react-use-callback-ref': 1.1.0(react@18.3.1)
      react: 18.3.1
    dev: false

  /@radix-ui/react-use-escape-keydown@1.0.3(react@18.3.1):
    resolution: {integrity: sha512-vyL82j40hcFicA+M4Ex7hVkB9vHgSse1ZWomAqV2Je3RleKGO5iM8KMOEtfoSB0PnIelMd2lATjTGMYqN5ylTg==}
    peerDependencies:
      '@types/react': '*'
      react: ^16.8 || ^17.0 || ^18.0
    peerDependenciesMeta:
      '@types/react':
        optional: true
    dependencies:
      '@babel/runtime': 7.25.0
      '@radix-ui/react-use-callback-ref': 1.0.1(react@18.3.1)
      react: 18.3.1
    dev: false

  /@radix-ui/react-use-escape-keydown@1.1.0(react@18.3.1):
    resolution: {integrity: sha512-L7vwWlR1kTTQ3oh7g1O0CBF3YCyyTj8NmhLR+phShpyA50HCfBFKVJTpshm9PzLiKmehsrQzTYTpX9HvmC9rhw==}
    peerDependencies:
      '@types/react': '*'
      react: ^16.8 || ^17.0 || ^18.0 || ^19.0 || ^19.0.0-rc
    peerDependenciesMeta:
      '@types/react':
        optional: true
    dependencies:
      '@radix-ui/react-use-callback-ref': 1.1.0(react@18.3.1)
      react: 18.3.1
    dev: false

  /@radix-ui/react-use-layout-effect@1.0.1(react@18.3.1):
    resolution: {integrity: sha512-v/5RegiJWYdoCvMnITBkNNx6bCj20fiaJnWtRkU18yITptraXjffz5Qbn05uOiQnOvi+dbkznkoaMltz1GnszQ==}
    peerDependencies:
      '@types/react': '*'
      react: ^16.8 || ^17.0 || ^18.0
    peerDependenciesMeta:
      '@types/react':
        optional: true
    dependencies:
      '@babel/runtime': 7.25.0
      react: 18.3.1
    dev: false

  /@radix-ui/react-use-layout-effect@1.1.0(react@18.3.1):
    resolution: {integrity: sha512-+FPE0rOdziWSrH9athwI1R0HDVbWlEhd+FR+aSDk4uWGmSJ9Z54sdZVDQPZAinJhJXwfT+qnj969mCsT2gfm5w==}
    peerDependencies:
      '@types/react': '*'
      react: ^16.8 || ^17.0 || ^18.0 || ^19.0 || ^19.0.0-rc
    peerDependenciesMeta:
      '@types/react':
        optional: true
    dependencies:
      react: 18.3.1
    dev: false

  /aria-hidden@1.2.4:
    resolution: {integrity: sha512-y+CcFFwelSXpLZk/7fMB2mUbGtX9lKycf1MWJ7CaTIERyitVlyQx6C+sxcROU2BAJ24OiZyK+8wj2i8AlBoS3A==}
    engines: {node: '>=10'}
    dependencies:
      tslib: 2.6.3
    dev: false

  /class-variance-authority@0.7.0:
    resolution: {integrity: sha512-jFI8IQw4hczaL4ALINxqLEXQbWcNjoSkloa4IaufXCJr6QawJyw7tuRysRsrE8w2p/4gGaxKIt/hX3qz/IbD1A==}
    dependencies:
      clsx: 2.0.0
    dev: false

  /clsx@2.0.0:
    resolution: {integrity: sha512-rQ1+kcj+ttHG0MKVGBUXwayCCF1oh39BF5COIpRzuCEv8Mwjv0XucrI2ExNTOn9IlLifGClWQcU9BrZORvtw6Q==}
    engines: {node: '>=6'}
    dev: false

  /clsx@2.1.1:
    resolution: {integrity: sha512-eYm0QWBtUrBWZWG0d386OGAw16Z995PiOVo2B7bjWSbHedGl5e0ZWaq65kOGgUSNesEIDkB9ISbTg/JK9dhCZA==}
    engines: {node: '>=6'}
    dev: false

  /cmdk@1.0.0(react-dom@18.3.1)(react@18.3.1):
    resolution: {integrity: sha512-gDzVf0a09TvoJ5jnuPvygTB77+XdOSwEmJ88L6XPFPlv7T3RxbP9jgenfylrAMD0+Le1aO0nVjQUzl2g+vjz5Q==}
    peerDependencies:
      react: ^18.0.0
      react-dom: ^18.0.0
    dependencies:
      '@radix-ui/react-dialog': 1.0.5(react-dom@18.3.1)(react@18.3.1)
      '@radix-ui/react-primitive': 1.0.3(react-dom@18.3.1)(react@18.3.1)
      react: 18.3.1
      react-dom: 18.3.1(react@18.3.1)
    transitivePeerDependencies:
      - '@types/react'
      - '@types/react-dom'
    dev: false

  /date-fns@3.6.0:
    resolution: {integrity: sha512-fRHTG8g/Gif+kSh50gaGEdToemgfj74aRX3swtiouboip5JDLAyDE9F11nHMIcvOaXeOC6D7SpNhi7uFyB7Uww==}
    dev: false

  /detect-node-es@1.1.0:
    resolution: {integrity: sha512-ypdmJU/TbBby2Dxibuv7ZLW3Bs1QEmM7nHjEANfohJLvE0XVujisn1qPJcZxg+qDucsr+bP6fLD1rPS3AhJ7EQ==}
    dev: false

  /get-nonce@1.0.1:
    resolution: {integrity: sha512-FJhYRoDaiatfEkUK8HKlicmu/3SGFD51q3itKDGoSTysQJBnfOcxU5GxnhE1E6soB76MbT0MBtnKJuXyAx+96Q==}
    engines: {node: '>=6'}
    dev: false

  /invariant@2.2.4:
    resolution: {integrity: sha512-phJfQVBuaJM5raOpJjSfkiD6BpbCE4Ns//LaXl6wGYtUBY83nWS6Rf9tXm2e8VaK60JEjYldbPif/A2B1C2gNA==}
    dependencies:
      loose-envify: 1.4.0
    dev: false

  /js-tokens@4.0.0:
    resolution: {integrity: sha512-RdJUflcE3cUzKiMqQgsCu06FPu9UdIJO0beYbPhHN4k6apgJtifcoCtT9bcxOpYBtpD2kCM6Sbzg4CausW/PKQ==}
    dev: false

  /loose-envify@1.4.0:
    resolution: {integrity: sha512-lyuxPGr/Wfhrlem2CL/UcnUc1zcqKAImBDzukY7Y5F/yQiNdko6+fRLevlw1HgMySw7f611UIY408EtxRSoK3Q==}
    hasBin: true
    dependencies:
      js-tokens: 4.0.0
    dev: false

  /lucide-react@0.414.0(react@18.3.1):
    resolution: {integrity: sha512-Krr/MHg9AWoJc52qx8hyJ64X9++JNfS1wjaJviLM1EP/68VNB7Tv0VMldLCB1aUe6Ka9QxURPhQm/eB6cqOM3A==}
    peerDependencies:
      react: ^16.5.1 || ^17.0.0 || ^18.0.0 || ^19.0.0
    dependencies:
      react: 18.3.1
    dev: false

  /react-day-picker@8.10.1(date-fns@3.6.0)(react@18.3.1):
    resolution: {integrity: sha512-TMx7fNbhLk15eqcMt+7Z7S2KF7mfTId/XJDjKE8f+IUcFn0l08/kI4FiYTL/0yuOLmEcbR4Fwe3GJf/NiiMnPA==}
    peerDependencies:
      date-fns: ^2.28.0 || ^3.0.0
      react: ^16.8.0 || ^17.0.0 || ^18.0.0
    dependencies:
      date-fns: 3.6.0
      react: 18.3.1
    dev: false

  /react-dom@18.3.1(react@18.3.1):
    resolution: {integrity: sha512-5m4nQKp+rZRb09LNH59GM4BxTh9251/ylbKIbpe7TpGxfJ+9kv6BLkLBXIjjspbgbnIBNqlI23tRnTWT0snUIw==}
    peerDependencies:
      react: ^18.3.1
    dependencies:
      loose-envify: 1.4.0
      react: 18.3.1
      scheduler: 0.23.2
    dev: false

  /react-remove-scroll-bar@2.3.6(react@18.3.1):
    resolution: {integrity: sha512-DtSYaao4mBmX+HDo5YWYdBWQwYIQQshUV/dVxFxK+KM26Wjwp1gZ6rv6OC3oujI6Bfu6Xyg3TwK533AQutsn/g==}
    engines: {node: '>=10'}
    peerDependencies:
      '@types/react': ^16.8.0 || ^17.0.0 || ^18.0.0
      react: ^16.8.0 || ^17.0.0 || ^18.0.0
    peerDependenciesMeta:
      '@types/react':
        optional: true
    dependencies:
      react: 18.3.1
      react-style-singleton: 2.2.1(react@18.3.1)
      tslib: 2.6.3
    dev: false

  /react-remove-scroll@2.5.5(react@18.3.1):
    resolution: {integrity: sha512-ImKhrzJJsyXJfBZ4bzu8Bwpka14c/fQt0k+cyFp/PBhTfyDnU5hjOtM4AG/0AMyy8oKzOTR0lDgJIM7pYXI0kw==}
    engines: {node: '>=10'}
    peerDependencies:
      '@types/react': ^16.8.0 || ^17.0.0 || ^18.0.0
      react: ^16.8.0 || ^17.0.0 || ^18.0.0
    peerDependenciesMeta:
      '@types/react':
        optional: true
    dependencies:
      react: 18.3.1
      react-remove-scroll-bar: 2.3.6(react@18.3.1)
      react-style-singleton: 2.2.1(react@18.3.1)
      tslib: 2.6.3
      use-callback-ref: 1.3.2(react@18.3.1)
      use-sidecar: 1.1.2(react@18.3.1)
    dev: false

  /react-remove-scroll@2.5.7(react@18.3.1):
    resolution: {integrity: sha512-FnrTWO4L7/Bhhf3CYBNArEG/yROV0tKmTv7/3h9QCFvH6sndeFf1wPqOcbFVu5VAulS5dV1wGT3GZZ/1GawqiA==}
    engines: {node: '>=10'}
    peerDependencies:
      '@types/react': ^16.8.0 || ^17.0.0 || ^18.0.0
      react: ^16.8.0 || ^17.0.0 || ^18.0.0
    peerDependenciesMeta:
      '@types/react':
        optional: true
    dependencies:
      react: 18.3.1
      react-remove-scroll-bar: 2.3.6(react@18.3.1)
      react-style-singleton: 2.2.1(react@18.3.1)
      tslib: 2.6.3
      use-callback-ref: 1.3.2(react@18.3.1)
      use-sidecar: 1.1.2(react@18.3.1)
    dev: false

  /react-style-singleton@2.2.1(react@18.3.1):
    resolution: {integrity: sha512-ZWj0fHEMyWkHzKYUr2Bs/4zU6XLmq9HsgBURm7g5pAVfyn49DgUiNgY2d4lXRlYSiCif9YBGpQleewkcqddc7g==}
    engines: {node: '>=10'}
    peerDependencies:
      '@types/react': ^16.8.0 || ^17.0.0 || ^18.0.0
      react: ^16.8.0 || ^17.0.0 || ^18.0.0
    peerDependenciesMeta:
      '@types/react':
        optional: true
    dependencies:
      get-nonce: 1.0.1
      invariant: 2.2.4
      react: 18.3.1
      tslib: 2.6.3
    dev: false

  /react@18.3.1:
    resolution: {integrity: sha512-wS+hAgJShR0KhEvPJArfuPVN1+Hz1t0Y6n5jLrGQbkb4urgPE/0Rve+1kMB1v/oWgHgm4WIcV+i7F2pTVj+2iQ==}
    engines: {node: '>=0.10.0'}
    dependencies:
      loose-envify: 1.4.0
    dev: false

  /regenerator-runtime@0.14.1:
    resolution: {integrity: sha512-dYnhHh0nJoMfnkZs6GmmhFknAGRrLznOu5nc9ML+EJxGvrx6H7teuevqVqCuPcPK//3eDrrjQhehXVx9cnkGdw==}
    dev: false

  /scheduler@0.23.2:
    resolution: {integrity: sha512-UOShsPwz7NrMUqhR6t0hWjFduvOzbtv7toDH1/hIrfRNIDBnnBWd0CwJTGvTpngVlmwGCdP9/Zl/tVrDqcuYzQ==}
    dependencies:
      loose-envify: 1.4.0
    dev: false

  /tailwind-merge@2.4.0:
    resolution: {integrity: sha512-49AwoOQNKdqKPd9CViyH5wJoSKsCDjUlzL8DxuGp3P1FsGY36NJDAa18jLZcaHAUUuTj+JB8IAo8zWgBNvBF7A==}
    dev: false

  /tailwindcss-animate@1.0.7:
    resolution: {integrity: sha512-bl6mpH3T7I3UFxuvDEXLxy/VuFxBk5bbzplh7tXI68mwMokNYd1t9qPBHlnyTwfa4JGC4zP516I1hYYtQ/vspA==}
    peerDependencies:
      tailwindcss: '>=3.0.0 || insiders'
    dev: false

  /tslib@2.6.3:
    resolution: {integrity: sha512-xNvxJEOUiWPGhUuUdQgAJPKOOJfGnIyKySOc09XkKsgdUV/3E2zvwZYdejjmRgPCgcym1juLH3226yA7sEFJKQ==}
    dev: false

  /use-callback-ref@1.3.2(react@18.3.1):
    resolution: {integrity: sha512-elOQwe6Q8gqZgDA8mrh44qRTQqpIHDcZ3hXTLjBe1i4ph8XpNJnO+aQf3NaG+lriLopI4HMx9VjQLfPQ6vhnoA==}
    engines: {node: '>=10'}
    peerDependencies:
      '@types/react': ^16.8.0 || ^17.0.0 || ^18.0.0
      react: ^16.8.0 || ^17.0.0 || ^18.0.0
    peerDependenciesMeta:
      '@types/react':
        optional: true
    dependencies:
      react: 18.3.1
      tslib: 2.6.3
    dev: false

  /use-sidecar@1.1.2(react@18.3.1):
    resolution: {integrity: sha512-epTbsLuzZ7lPClpz2TyryBfztm7m+28DlEv2ZCQ3MDr5ssiwyOwGH/e5F9CkfWjJ1t4clvI58yF822/GUkjjhw==}
    engines: {node: '>=10'}
    peerDependencies:
      '@types/react': ^16.9.0 || ^17.0.0 || ^18.0.0
      react: ^16.8.0 || ^17.0.0 || ^18.0.0
    peerDependenciesMeta:
      '@types/react':
        optional: true
    dependencies:
      detect-node-es: 1.1.0
      react: 18.3.1
      tslib: 2.6.3
    dev: false
